Microsoft Visual Studio Solution File, Format Version 12.00
# Visual Studio Version 17
VisualStudioVersion = 17.5.2.0
MinimumVisualStudioVersion = 10.0.40219.1
Project("{FAE04EC0-301F-11D3-BF4B-00C04F79EFBC}") = "FHR", "FHR.csproj", "{56837167-BC87-E03C-5D97-2B4CDF7B216F}"
EndProject
Global
	GlobalSection(SolutionConfigurationPlatforms) = preSolution
		Debug|Any CPU = Debug|Any CPU
		Release|Any CPU = Release|Any CPU
	EndGlobalSection
	GlobalSection(ProjectConfigurationPlatforms) = postSolution
		{56837167-BC87-E03C-5D97-2B4CDF7B216F}.Debug|Any CPU.ActiveCfg = Debug|Any CPU
		{56837167-BC87-E03C-5D97-2B4CDF7B216F}.Debug|Any CPU.Build.0 = Debug|Any CPU
		{56837167-BC87-E03C-5D97-2B4CDF7B216F}.Release|Any CPU.ActiveCfg = Release|Any CPU
		{56837167-BC87-E03C-5D97-2B4CDF7B216F}.Release|Any CPU.Build.0 = Release|Any CPU
	EndGlobalSection
	GlobalSection(SolutionProperties) = preSolution
		HideSolutionNode = FALSE
	EndGlobalSection
	GlobalSection(ExtensibilityGlobals) = postSolution
		SolutionGuid = {A30C3EA2-504B-435B-ADFC-AEDD437609D9}
	EndGlobalSection
EndGlobal
